// !$*UTF8*$!
{
	archiveVersion = 1;
	classes = {
	};
	objectVersion = 50;
	objects = {

/* Begin PBXBuildFile section */
		07236E7C21D8912600E81E9A /* main.cpp in Sources */ = {isa = PBXBuildFile; fileRef = 07236E7B21D8912600E81E9A /* main.cpp */; };
		07236E8421D8921100E81E9A /* Lexer.cpp in Sources */ = {isa = PBXBuildFile; fileRef = 07236E8221D8921100E81E9A /* Lexer.cpp */; };
		07236E8721D8B88900E81E9A /* ExprAST.cpp in Sources */ = {isa = PBXBuildFile; fileRef = 07236E8521D8B88900E81E9A /* ExprAST.cpp */; };
		0725B65421DB9337008A2FDB /* Builder.cpp in Sources */ = {isa = PBXBuildFile; fileRef = 0725B65221DB9337008A2FDB /* Builder.cpp */; };
		077BF9CC21DAB4C800C92453 /* GlobalVariables.cpp in Sources */ = {isa = PBXBuildFile; fileRef = 077BF9CB21DAB4C800C92453 /* GlobalVariables.cpp */; };
/* End PBXBuildFile section */

/* Begin PBXCopyFilesBuildPhase section */
		07236E7621D8912600E81E9A /* CopyFiles */ = {
			isa = PBXCopyFilesBuildPhase;
			buildActionMask = 2147483647;
			dstPath = /usr/share/man/man1/;
			dstSubfolderSpec = 0;
			files = (
			);
			runOnlyForDeploymentPostprocessing = 1;
		};
/* End PBXCopyFilesBuildPhase section */

/* Begin PBXFileReference section */
		07236E7821D8912600E81E9A /* Kaleidscope */ = {isa = PBXFileReference; explicitFileType = "compiled.mach-o.executable"; includeInIndex = 0; path = Kaleidscope; sourceTree = BUILT_PRODUCTS_DIR; };
		07236E7B21D8912600E81E9A /* main.cpp */ = {isa = PBXFileReference; lastKnownFileType = sourcecode.cpp.cpp; path = main.cpp; sourceTree = "<group>"; };
		07236E8221D8921100E81E9A /* Lexer.cpp */ = {isa = PBXFileReference; lastKnownFileType = sourcecode.cpp.cpp; path = Lexer.cpp; sourceTree = "<group>"; };
		07236E8321D8921100E81E9A /* Lexer.hpp */ = {isa = PBXFileReference; lastKnownFileType = sourcecode.cpp.h; path = Lexer.hpp; sourceTree = "<group>"; };
		07236E8521D8B88900E81E9A /* ExprAST.cpp */ = {isa = PBXFileReference; lastKnownFileType = sourcecode.cpp.cpp; path = ExprAST.cpp; sourceTree = "<group>"; };
		07236E8621D8B88900E81E9A /* ExprAST.hpp */ = {isa = PBXFileReference; lastKnownFileType = sourcecode.cpp.h; path = ExprAST.hpp; sourceTree = "<group>"; };
		0725B65221DB9337008A2FDB /* Builder.cpp */ = {isa = PBXFileReference; lastKnownFileType = sourcecode.cpp.cpp; path = Builder.cpp; sourceTree = "<group>"; };
		07483E7021D8C3C90088B61B /* Utility.h */ = {isa = PBXFileReference; lastKnownFileType = sourcecode.c.h; path = Utility.h; sourceTree = "<group>"; };
		07483E7121D8C8200088B61B /* GlobalVariables.h */ = {isa = PBXFileReference; lastKnownFileType = sourcecode.c.h; path = GlobalVariables.h; sourceTree = "<group>"; };
		077BF9CB21DAB4C800C92453 /* GlobalVariables.cpp */ = {isa = PBXFileReference; lastKnownFileType = sourcecode.cpp.cpp; path = GlobalVariables.cpp; sourceTree = "<group>"; };
		077BF9CD21DB44DB00C92453 /* llvm.h */ = {isa = PBXFileReference; lastKnownFileType = sourcecode.c.h; path = llvm.h; sourceTree = "<group>"; };
/* End PBXFileReference section */

/* Begin PBXFrameworksBuildPhase section */
		07236E7521D8912600E81E9A /* Frameworks */ = {
			isa = PBXFrameworksBuildPhase;
			buildActionMask = 2147483647;
			files = (
			);
			runOnlyForDeploymentPostprocessing = 0;
		};
/* End PBXFrameworksBuildPhase section */

/* Begin PBXGroup section */
		07236E6F21D8912600E81E9A = {
			isa = PBXGroup;
			children = (
				07236E7A21D8912600E81E9A /* Kaleidscope */,
				07236E7921D8912600E81E9A /* Products */,
			);
			sourceTree = "<group>";
		};
		07236E7921D8912600E81E9A /* Products */ = {
			isa = PBXGroup;
			children = (
				07236E7821D8912600E81E9A /* Kaleidscope */,
			);
			name = Products;
			sourceTree = "<group>";
		};
		07236E7A21D8912600E81E9A /* Kaleidscope */ = {
			isa = PBXGroup;
			children = (
				0725B65221DB9337008A2FDB /* Builder.cpp */,
				07236E7B21D8912600E81E9A /* main.cpp */,
				07236E8221D8921100E81E9A /* Lexer.cpp */,
				07236E8321D8921100E81E9A /* Lexer.hpp */,
				07236E8521D8B88900E81E9A /* ExprAST.cpp */,
				07236E8621D8B88900E81E9A /* ExprAST.hpp */,
				07483E7021D8C3C90088B61B /* Utility.h */,
				07483E7121D8C8200088B61B /* GlobalVariables.h */,
				077BF9CB21DAB4C800C92453 /* GlobalVariables.cpp */,
				077BF9CD21DB44DB00C92453 /* llvm.h */,
			);
			path = Kaleidscope;
			sourceTree = "<group>";
		};
/* End PBXGroup section */

/* Begin PBXNativeTarget section */
		07236E7721D8912600E81E9A /* Kaleidscope */ = {
			isa = PBXNativeTarget;
			buildConfigurationList = 07236E7F21D8912600E81E9A /* Build configuration list for PBXNativeTarget "Kaleidscope" */;
			buildPhases = (
				07236E7421D8912600E81E9A /* Sources */,
				07236E7521D8912600E81E9A /* Frameworks */,
				07236E7621D8912600E81E9A /* CopyFiles */,
			);
			buildRules = (
			);
			dependencies = (
			);
			name = Kaleidscope;
			productName = Kaleidscope;
			productReference = 07236E7821D8912600E81E9A /* Kaleidscope */;
			productType = "com.apple.product-type.tool";
		};
/* End PBXNativeTarget section */

/* Begin PBXProject section */
		07236E7021D8912600E81E9A /* Project object */ = {
			isa = PBXProject;
			attributes = {
				LastUpgradeCheck = 1010;
				ORGANIZATIONNAME = giginet;
				TargetAttributes = {
					07236E7721D8912600E81E9A = {
						CreatedOnToolsVersion = 10.1;
					};
				};
			};
			buildConfigurationList = 07236E7321D8912600E81E9A /* Build configuration list for PBXProject "Kaleidscope" */;
			compatibilityVersion = "Xcode 9.3";
			developmentRegion = en;
			hasScannedForEncodings = 0;
			knownRegions = (
				en,
			);
			mainGroup = 07236E6F21D8912600E81E9A;
			productRefGroup = 07236E7921D8912600E81E9A /* Products */;
			projectDirPath = "";
			projectRoot = "";
			targets = (
				07236E7721D8912600E81E9A /* Kaleidscope */,
			);
		};
/* End PBXProject section */

/* Begin PBXSourcesBuildPhase section */
		07236E7421D8912600E81E9A /* Sources */ = {
			isa = PBXSourcesBuildPhase;
			buildActionMask = 2147483647;
			files = (
				0725B65421DB9337008A2FDB /* Builder.cpp in Sources */,
				07236E8421D8921100E81E9A /* Lexer.cpp in Sources */,
				07236E7C21D8912600E81E9A /* main.cpp in Sources */,
				077BF9CC21DAB4C800C92453 /* GlobalVariables.cpp in Sources */,
				07236E8721D8B88900E81E9A /* ExprAST.cpp in Sources */,
			);
			runOnlyForDeploymentPostprocessing = 0;
		};
/* End PBXSourcesBuildPhase section */

/* Begin XCBuildConfiguration section */
		07236E7D21D8912600E81E9A /* Debug */ = {
			isa = XCBuildConfiguration;
			buildSettings = {
				ALWAYS_SEARCH_USER_PATHS = NO;
				CLANG_ANALYZER_NONNULL = YES;
				CLANG_ANALYZER_NUMBER_OBJECT_CONVERSION = YES_AGGRESSIVE;
				CLANG_CXX_LANGUAGE_STANDARD = "gnu++14";
				CLANG_CXX_LIBRARY = "libc++";
				CLANG_ENABLE_MODULES = YES;
				CLANG_ENABLE_OBJC_ARC = YES;
				CLANG_ENABLE_OBJC_WEAK = YES;
				CLANG_WARN_BLOCK_CAPTURE_AUTORELEASING = YES;
				CLANG_WARN_BOOL_CONVERSION = YES;
				CLANG_WARN_COMMA = YES;
				CLANG_WARN_CONSTANT_CONVERSION = YES;
				CLANG_WARN_DEPRECATED_OBJC_IMPLEMENTATIONS = YES;
				CLANG_WARN_DIRECT_OBJC_ISA_USAGE = YES_ERROR;
				CLANG_WARN_DOCUMENTATION_COMMENTS = YES;
				CLANG_WARN_EMPTY_BODY = YES;
				CLANG_WARN_ENUM_CONVERSION = YES;
				CLANG_WARN_INFINITE_RECURSION = YES;
				CLANG_WARN_INT_CONVERSION = YES;
				CLANG_WARN_NON_LITERAL_NULL_CONVERSION = YES;
				CLANG_WARN_OBJC_IMPLICIT_RETAIN_SELF = YES;
				CLANG_WARN_OBJC_LITERAL_CONVERSION = YES;
				CLANG_WARN_OBJC_ROOT_CLASS = YES_ERROR;
				CLANG_WARN_RANGE_LOOP_ANALYSIS = YES;
				CLANG_WARN_STRICT_PROTOTYPES = YES;
				CLANG_WARN_SUSPICIOUS_MOVE = YES;
				CLANG_WARN_UNGUARDED_AVAILABILITY = YES_AGGRESSIVE;
				CLANG_WARN_UNREACHABLE_CODE = YES;
				CLANG_WARN__DUPLICATE_METHOD_MATCH = YES;
				CODE_SIGN_IDENTITY = "Mac Developer";
				COPY_PHASE_STRIP = NO;
				DEBUG_INFORMATION_FORMAT = dwarf;
				ENABLE_STRICT_OBJC_MSGSEND = YES;
				ENABLE_TESTABILITY = YES;
				GCC_C_LANGUAGE_STANDARD = gnu11;
				GCC_DYNAMIC_NO_PIC = NO;
				GCC_NO_COMMON_BLOCKS = YES;
				GCC_OPTIMIZATION_LEVEL = 0;
				GCC_PREPROCESSOR_DEFINITIONS = (
					"DEBUG=1",
					"$(inherited)",
				);
				GCC_WARN_64_TO_32_BIT_CONVERSION = YES;
				GCC_WARN_ABOUT_RETURN_TYPE = YES_ERROR;
				GCC_WARN_UNDECLARED_SELECTOR = YES;
				GCC_WARN_UNINITIALIZED_AUTOS = YES_AGGRESSIVE;
				GCC_WARN_UNUSED_FUNCTION = YES;
				GCC_WARN_UNUSED_VARIABLE = YES;
				MACOSX_DEPLOYMENT_TARGET = 10.14;
				MTL_ENABLE_DEBUG_INFO = INCLUDE_SOURCE;
				MTL_FAST_MATH = YES;
				ONLY_ACTIVE_ARCH = YES;
				SDKROOT = macosx;
			};
			name = Debug;
		};
		07236E7E21D8912600E81E9A /* Release */ = {
			isa = XCBuildConfiguration;
			buildSettings = {
				ALWAYS_SEARCH_USER_PATHS = NO;
				CLANG_ANALYZER_NONNULL = YES;
				CLANG_ANALYZER_NUMBER_OBJECT_CONVERSION = YES_AGGRESSIVE;
				CLANG_CXX_LANGUAGE_STANDARD = "gnu++14";
				CLANG_CXX_LIBRARY = "libc++";
				CLANG_ENABLE_MODULES = YES;
				CLANG_ENABLE_OBJC_ARC = YES;
				CLANG_ENABLE_OBJC_WEAK = YES;
				CLANG_WARN_BLOCK_CAPTURE_AUTORELEASING = YES;
				CLANG_WARN_BOOL_CONVERSION = YES;
				CLANG_WARN_COMMA = YES;
				CLANG_WARN_CONSTANT_CONVERSION = YES;
				CLANG_WARN_DEPRECATED_OBJC_IMPLEMENTATIONS = YES;
				CLANG_WARN_DIRECT_OBJC_ISA_USAGE = YES_ERROR;
				CLANG_WARN_DOCUMENTATION_COMMENTS = YES;
				CLANG_WARN_EMPTY_BODY = YES;
				CLANG_WARN_ENUM_CONVERSION = YES;
				CLANG_WARN_INFINITE_RECURSION = YES;
				CLANG_WARN_INT_CONVERSION = YES;
				CLANG_WARN_NON_LITERAL_NULL_CONVERSION = YES;
				CLANG_WARN_OBJC_IMPLICIT_RETAIN_SELF = YES;
				CLANG_WARN_OBJC_LITERAL_CONVERSION = YES;
				CLANG_WARN_OBJC_ROOT_CLASS = YES_ERROR;
				CLANG_WARN_RANGE_LOOP_ANALYSIS = YES;
				CLANG_WARN_STRICT_PROTOTYPES = YES;
				CLANG_WARN_SUSPICIOUS_MOVE = YES;
				CLANG_WARN_UNGUARDED_AVAILABILITY = YES_AGGRESSIVE;
				CLANG_WARN_UNREACHABLE_CODE = YES;
				CLANG_WARN__DUPLICATE_METHOD_MATCH = YES;
				CODE_SIGN_IDENTITY = "Mac Developer";
				COPY_PHASE_STRIP = NO;
				DEBUG_INFORMATION_FORMAT = "dwarf-with-dsym";
				ENABLE_NS_ASSERTIONS = NO;
				ENABLE_STRICT_OBJC_MSGSEND = YES;
				GCC_C_LANGUAGE_STANDARD = gnu11;
				GCC_NO_COMMON_BLOCKS = YES;
				GCC_WARN_64_TO_32_BIT_CONVERSION = YES;
				GCC_WARN_ABOUT_RETURN_TYPE = YES_ERROR;
				GCC_WARN_UNDECLARED_SELECTOR = YES;
				GCC_WARN_UNINITIALIZED_AUTOS = YES_AGGRESSIVE;
				GCC_WARN_UNUSED_FUNCTION = YES;
				GCC_WARN_UNUSED_VARIABLE = YES;
				MACOSX_DEPLOYMENT_TARGET = 10.14;
				MTL_ENABLE_DEBUG_INFO = NO;
				MTL_FAST_MATH = YES;
				SDKROOT = macosx;
			};
			name = Release;
		};
		07236E8021D8912600E81E9A /* Debug */ = {
			isa = XCBuildConfiguration;
			buildSettings = {
				CODE_SIGN_IDENTITY = "Mac Developer";
				CODE_SIGN_STYLE = Automatic;
				DEVELOPMENT_TEAM = 2AWR7Z4WYE;
				HEADER_SEARCH_PATHS = /usr/local/opt/llvm/include;
				LIBRARY_SEARCH_PATHS = /usr/local/Cellar/llvm/7.0.1/lib;
				OTHER_LDFLAGS = (
					"-lLLVMDemangle",
					"-lLLVMSupport",
					"-lLLVMBinaryFormat",
					"-lLLVMCore",
					"-lxml2",
					"-lcurses",
				);
				PRODUCT_NAME = "$(TARGET_NAME)";
				PROVISIONING_PROFILE_SPECIFIER = "";
			};
			name = Debug;
		};
		07236E8121D8912600E81E9A /* Release */ = {
			isa = XCBuildConfiguration;
			buildSettings = {
				CODE_SIGN_IDENTITY = "Mac Developer";
				CODE_SIGN_STYLE = Automatic;
				DEVELOPMENT_TEAM = 2AWR7Z4WYE;
				HEADER_SEARCH_PATHS = /usr/local/opt/llvm/include;
				LIBRARY_SEARCH_PATHS = /usr/local/Cellar/llvm/7.0.1/lib;
				OTHER_LDFLAGS = (
					"-lLLVMDemangle",
					"-lLLVMSupport",
					"-lLLVMBinaryFormat",
					"-lLLVMCore",
					"-lxml2",
					"-lcurses",
				);
				PRODUCT_NAME = "$(TARGET_NAME)";
				PROVISIONING_PROFILE_SPECIFIER = "";
			};
			name = Release;
		};
/* End XCBuildConfiguration section */

/* Begin XCConfigurationList section */
		07236E7321D8912600E81E9A /* Build configuration list for PBXProject "Kaleidscope" */ = {
			isa = XCConfigurationList;
			buildConfigurations = (
				07236E7D21D8912600E81E9A /* Debug */,
				07236E7E21D8912600E81E9A /* Release */,
			);
			defaultConfigurationIsVisible = 0;
			defaultConfigurationName = Release;
		};
		07236E7F21D8912600E81E9A /* Build configuration list for PBXNativeTarget "Kaleidscope" */ = {
			isa = XCConfigurationList;
			buildConfigurations = (
				07236E8021D8912600E81E9A /* Debug */,
				07236E8121D8912600E81E9A /* Release */,
			);
			defaultConfigurationIsVisible = 0;
			defaultConfigurationName = Release;
		};
/* End XCConfigurationList section */
	};
	rootObject = 07236E7021D8912600E81E9A /* Project object */;
}
